
Microsoft Visual Studio Solution File, Format Version 12.00
# Visual Studio Version 16
VisualStudioVersion = 16.0.31410.357
MinimumVisualStudioVersion = 10.0.40219.1
Project("{FAE04EC0-301F-11D3-BF4B-00C04F79EFBC}") = "IndianStateCensusAnalyser", "IndianStateCensusAnalyser\IndianStateCensusAnalyser.csproj", "{1B6B4FA5-C417-401B-830F-914A56BA4C9C}"
EndProject
Project("{FAE04EC0-301F-11D3-BF4B-00C04F79EFBC}") = "CensusAnalyserTest", "CensusAnalyserTest\CensusAnalyserTest.csproj", "{CE35A83D-484F-4B10-9CB2-304881A2C214}"
EndProject
Global
	GlobalSection(SolutionConfigurationPlatforms) = preSolution
		Debug|Any CPU = Debug|Any CPU
		Release|Any CPU = Release|Any CPU
	EndGlobalSection
	GlobalSection(ProjectConfigurationPlatforms) = postSolution
		{1B6B4FA5-C417-401B-830F-914A56BA4C9C}.Debug|Any CPU.ActiveCfg = Debug|Any CPU
		{1B6B4FA5-C417-401B-830F-914A56BA4C9C}.Debug|Any CPU.Build.0 = Debug|Any CPU
		{1B6B4FA5-C417-401B-830F-914A56BA4C9C}.Release|Any CPU.ActiveCfg = Release|Any CPU
		{1B6B4FA5-C417-401B-830F-914A56BA4C9C}.Release|Any CPU.Build.0 = Release|Any CPU
		{CE35A83D-484F-4B10-9CB2-304881A2C214}.Debug|Any CPU.ActiveCfg = Debug|Any CPU
		{CE35A83D-484F-4B10-9CB2-304881A2C214}.Debug|Any CPU.Build.0 = Debug|Any CPU
		{CE35A83D-484F-4B10-9CB2-304881A2C214}.Release|Any CPU.ActiveCfg = Release|Any CPU
		{CE35A83D-484F-4B10-9CB2-304881A2C214}.Release|Any CPU.Build.0 = Release|Any CPU
	EndGlobalSection
	GlobalSection(SolutionProperties) = preSolution
		HideSolutionNode = FALSE
	EndGlobalSection
	GlobalSection(ExtensibilityGlobals) = postSolution
		SolutionGuid = {CDD91192-3A06-4047-9EA4-950AC7405B50}
	EndGlobalSection
EndGlobal
